{
    "_readme": [
        "This file locks the dependencies of your project to a known state",
        "Read more about it at https://getcomposer.org/doc/01-basic-usage.md#composer-lock-the-lock-file",
        "This file is @generated automatically"
    ],
    "hash": "7e685e8a53354a77e4132d2eb8052b54",
    "content-hash": "a732993cd74bc24308304cfe30d4386b",
    "packages": [
        {
            "name": "oscarotero/psr7-middlewares",
            "version": "v3.17.0",
            "source": {
                "type": "git",
                "url": "https://github.com/oscarotero/psr7-middlewares.git",
                "reference": "ecede5f38799df12468f6e4b50c8b56edf921c26"
            },
            "dist": {
                "type": "zip",
                "url": "https://api.github.com/repos/oscarotero/psr7-middlewares/zipball/ecede5f38799df12468f6e4b50c8b56edf921c26",
                "reference": "ecede5f38799df12468f6e4b50c8b56edf921c26",
                "shasum": ""
            },
            "require": {
                "php": ">=5.5.0"
            },
            "require-dev": {
                "aura/router": "^3.0",
                "aura/session": "2.*",
                "filp/whoops": "2.*",
                "friendsofphp/php-cs-fixer": "^1.12",
                "google/recaptcha": "^1.1",
                "imagecow/imagecow": "^2.0",
                "league/route": "^2.0",
                "m6web/firewall": "~1.0",
                "matthiasmullie/scrapbook": "^1.0",
                "maximebf/debugbar": "~1.11",
                "micheh/psr7-cache": "^0.5.0",
                "mobiledetect/mobiledetectlib": "^2.8",
                "monolog/monolog": "^1.17",
                "mrclay/minify": "^2.2",
                "neomerx/cors-psr7": "^1.0",
                "nikic/fast-route": "0.*",
                "paragonie/csp-builder": "^1.2",
                "phpunit/phpunit": "*",
                "piwik/referrer-spam-blacklist": "^1.0",
                "ramsey/uuid": "^3.1",
                "relay/relay": "1.*",
                "willdurand/geocoder": "^3.2",
                "willdurand/negotiation": "~2.0",
                "zendframework/zend-diactoros": "1.*"
            },
            "suggest": {
                "aura/router": "To use AuraRouter",
                "aura/session": "To use AuraSession",
                "filp/whoops": "To use Whoops",
                "google/recaptcha": "To use Recaptcha",
                "imagecow/imagecow": "To use ImageTransformer",
                "league/route": "To use LeagueRoute",
                "m6web/firewall": "To use Firewall",
                "maximebf/debugbar": "To use DebugBar",
                "micheh/psr7-cache": "To use Cache",
                "mobiledetect/mobiledetectlib": "To use DetectDevice",
                "mrclay/minify": "To use Minify",
                "neomerx/cors-psr7": "To use Cors",
                "nikic/fast-route": "To use FastRoute",
                "paragonie/csp-builder": "To use Csp",
                "piwik/referrer-spam-blacklist": "To use BlockSpam",
                "psr/cache-implementation": "To use Cache",
                "psr/log-implementation": "To use AccessLog",
                "ramsey/uuid": "To use Uuid",
                "willdurand/geocoder": "To use Geolocate",
                "willdurand/negotiation": "To use FormatNegotiator, LanguageNegotiator and EncodingNegotiator"
            },
            "type": "library",
            "autoload": {
                "psr-4": {
                    "Psr7Middlewares\\": "src/"
                }
            },
            "notification-url": "https://packagist.org/downloads/",
            "license": [
                "MIT"
            ],
            "authors": [
                {
                    "name": "Oscar Otero",
                    "email": "oom@oscarotero.com",
                    "homepage": "http://oscarotero.com",
                    "role": "Developer"
                }
            ],
            "description": "Collection of HTTP middlewares compatible with PSR-7",
            "homepage": "https://github.com/oscarotero/psr7-middlewares",
            "keywords": [
                "http",
                "middlewares",
                "psr-7",
                "psr-messages"
            ],
            "time": "2016-10-12 06:09:47"
        },
        {
            "name": "psr/http-message",
            "version": "1.0.1",
            "source": {
                "type": "git",
                "url": "https://github.com/php-fig/http-message.git",
                "reference": "f6561bf28d520154e4b0ec72be95418abe6d9363"
            },
            "dist": {
                "type": "zip",
                "url": "https://api.github.com/repos/php-fig/http-message/zipball/f6561bf28d520154e4b0ec72be95418abe6d9363",
                "reference": "f6561bf28d520154e4b0ec72be95418abe6d9363",
                "shasum": ""
            },
            "require": {
                "php": ">=5.3.0"
            },
            "type": "library",
            "extra": {
                "branch-alias": {
                    "dev-master": "1.0.x-dev"
                }
            },
            "autoload": {
                "psr-4": {
                    "Psr\\Http\\Message\\": "src/"
                }
            },
            "notification-url": "https://packagist.org/downloads/",
            "license": [
                "MIT"
            ],
            "authors": [
                {
                    "name": "PHP-FIG",
                    "homepage": "http://www.php-fig.org/"
                }
            ],
            "description": "Common interface for HTTP messages",
            "homepage": "https://github.com/php-fig/http-message",
            "keywords": [
                "http",
                "http-message",
                "psr",
                "psr-7",
                "request",
                "response"
            ],
            "time": "2016-08-06 14:39:51"
        },
        {
            "name": "relay/relay",
            "version": "1.1.0",
            "source": {
                "type": "git",
                "url": "https://github.com/relayphp/Relay.Relay.git",
                "reference": "e835fc45351b7a92a6fdf2a36be7bd59ef56c8ae"
            },
            "dist": {
                "type": "zip",
                "url": "https://api.github.com/repos/relayphp/Relay.Relay/zipball/e835fc45351b7a92a6fdf2a36be7bd59ef56c8ae",
                "reference": "e835fc45351b7a92a6fdf2a36be7bd59ef56c8ae",
                "shasum": ""
            },
            "require": {
                "php": ">=5.5.0",
                "psr/http-message": "~1.0"
            },
            "require-dev": {
                "zendframework/zend-diactoros": "~1.0"
            },
            "type": "library",
            "autoload": {
                "psr-4": {
                    "Relay\\": "src/"
                }
            },
            "notification-url": "https://packagist.org/downloads/",
            "license": [
                "MIT"
            ],
            "authors": [
                {
                    "name": "Relay.Relay Contributors",
                    "homepage": "https://github.com/relayphp/Relay.Relay/contributors"
                }
            ],
            "description": "A PSR-7 middleware dispatcher.",
            "homepage": "https://github.com/relayphp/Relay.Relay",
            "keywords": [
                "middleware",
                "psr-7"
            ],
            "time": "2015-12-17 18:18:30"
        },
        {
            "name": "zendframework/zend-diactoros",
            "version": "1.3.7",
            "source": {
                "type": "git",
                "url": "https://github.com/zendframework/zend-diactoros.git",
                "reference": "969ff423d3f201da3ff718a5831bb999bb0669b0"
            },
            "dist": {
                "type": "zip",
                "url": "https://api.github.com/repos/zendframework/zend-diactoros/zipball/969ff423d3f201da3ff718a5831bb999bb0669b0",
                "reference": "969ff423d3f201da3ff718a5831bb999bb0669b0",
                "shasum": ""
            },
            "require": {
                "php": "^5.4 || ^7.0",
                "psr/http-message": "~1.0"
            },
            "provide": {
                "psr/http-message-implementation": "~1.0.0"
            },
            "require-dev": {
                "phpunit/phpunit": "^4.6 || ^5.5",
                "squizlabs/php_codesniffer": "^2.3.1"
            },
            "type": "library",
            "extra": {
                "branch-alias": {
                    "dev-master": "1.3-dev",
                    "dev-develop": "1.4-dev"
                }
            },
            "autoload": {
                "psr-4": {
                    "Zend\\Diactoros\\": "src/"
                }
            },
            "notification-url": "https://packagist.org/downloads/",
            "license": [
                "BSD-2-Clause"
            ],
            "description": "PSR HTTP Message implementations",
            "homepage": "https://github.com/zendframework/zend-diactoros",
            "keywords": [
                "http",
                "psr",
                "psr-7"
            ],
            "time": "2016-10-11 13:25:21"
        }
    ],
    "packages-dev": [],
    "aliases": [],
    "minimum-stability": "stable",
    "stability-flags": [],
    "prefer-stable": false,
    "prefer-lowest": false,
    "platform": [],
    "platform-dev": []
}
